<?xml version="1.0" encoding="utf-8"?>
<Project ToolsVersion="4.0" xmlns="http://schemas.microsoft.com/developer/msbuild/2003">
  <ItemGroup>
    <Filter Include="imgui">
      <UniqueIdentifier>{b55a3257-484c-493d-bd62-dd5fa5f7f715}</UniqueIdentifier>
    </Filter>
    <Filter Include="source">
      <UniqueIdentifier>{782cd74f-5bf9-4814-9c49-c68132837fe5}</UniqueIdentifier>
    </Filter>
    <Filter Include="source\global">
      <UniqueIdentifier>{7856eace-5111-4edc-a261-476c4142a744}</UniqueIdentifier>
    </Filter>
    <Filter Include="source\camera">
      <UniqueIdentifier>{5520be00-c596-44bb-9e89-a3fe232fa52d}</UniqueIdentifier>
    </Filter>
    <Filter Include="source\rendering">
      <UniqueIdentifier>{e8a3d129-833e-4b36-a1f4-aeca2bd0e872}</UniqueIdentifier>
    </Filter>
    <Filter Include="source\kernels">
      <UniqueIdentifier>{5250241a-de60-4710-b88b-fcc4df2c363c}</UniqueIdentifier>
    </Filter>
    <Filter Include="source\dataStructures">
      <UniqueIdentifier>{0f9303db-cdd4-41ab-a008-51ec2e034da6}</UniqueIdentifier>
    </Filter>
    <Filter Include="source\other">
      <UniqueIdentifier>{8758e20f-9146-4bda-8d16-0bb6fc35adec}</UniqueIdentifier>
    </Filter>
    <Filter Include="lbvh">
      <UniqueIdentifier>{069d104d-da2b-4f28-ab7c-fbc6a2c54dd0}</UniqueIdentifier>
    </Filter>
  </ItemGroup>
  <ItemGroup>
    <CudaCompile Include="main.cu">
      <Filter>source</Filter>
    </CudaCompile>
  </ItemGroup>
  <ItemGroup>
    <ClInclude Include="imGui\imstb_truetype.h">
      <Filter>imgui</Filter>
    </ClInclude>
    <ClInclude Include="imGui\imconfig.h">
      <Filter>imgui</Filter>
    </ClInclude>
    <ClInclude Include="imGui\imgui.h">
      <Filter>imgui</Filter>
    </ClInclude>
    <ClInclude Include="imGui\imgui_impl_glfw.h">
      <Filter>imgui</Filter>
    </ClInclude>
    <ClInclude Include="imGui\imgui_impl_opengl3.h">
      <Filter>imgui</Filter>
    </ClInclude>
    <ClInclude Include="imGui\imgui_impl_opengl3_loader.h">
      <Filter>imgui</Filter>
    </ClInclude>
    <ClInclude Include="imGui\imgui_internal.h">
      <Filter>imgui</Filter>
    </ClInclude>
    <ClInclude Include="imGui\imstb_rectpack.h">
      <Filter>imgui</Filter>
    </ClInclude>
    <ClInclude Include="imGui\imstb_textedit.h">
      <Filter>imgui</Filter>
    </ClInclude>
    <ClInclude Include="shader.hpp">
      <Filter>source\global</Filter>
    </ClInclude>
    <ClInclude Include="camera.hpp">
      <Filter>source\camera</Filter>
    </ClInclude>
    <ClInclude Include="rendering.hpp">
      <Filter>source\rendering</Filter>
    </ClInclude>
    <ClInclude Include="imGuiUi.hpp">
      <Filter>source\rendering</Filter>
    </ClInclude>
    <ClInclude Include="buffer.cuh">
      <Filter>source</Filter>
    </ClInclude>
    <ClInclude Include="mat4.cuh">
      <Filter>source\kernels</Filter>
    </ClInclude>
    <ClInclude Include="shaderSource.hpp">
      <Filter>source\global</Filter>
    </ClInclude>
    <ClInclude Include="general.hpp">
      <Filter>source\kernels</Filter>
    </ClInclude>
    <ClInclude Include="dataObject.hpp">
      <Filter>source\dataStructures</Filter>
    </ClInclude>
    <ClInclude Include="timer.hpp">
      <Filter>source\other</Filter>
    </ClInclude>
    <ClInclude Include="lbvh\morton_code.cuh">
      <Filter>lbvh</Filter>
    </ClInclude>
    <ClInclude Include="lbvh\predicator.cuh">
      <Filter>lbvh</Filter>
    </ClInclude>
    <ClInclude Include="lbvh\query.cuh">
      <Filter>lbvh</Filter>
    </ClInclude>
    <ClInclude Include="lbvh\utility.cuh">
      <Filter>lbvh</Filter>
    </ClInclude>
    <ClInclude Include="lbvh\aabb.cuh">
      <Filter>lbvh</Filter>
    </ClInclude>
    <ClInclude Include="lbvh\bvh.cuh">
      <Filter>lbvh</Filter>
    </ClInclude>
    <ClInclude Include="lbvh\lbvh.cuh">
      <Filter>lbvh</Filter>
    </ClInclude>
    <ClInclude Include="unifiedObjects.cuh">
      <Filter>source\dataStructures</Filter>
    </ClInclude>
    <ClInclude Include="castRays.cuh">
      <Filter>source\kernels</Filter>
    </ClInclude>
    <ClInclude Include="callbacks.cuh">
      <Filter>source\kernels</Filter>
    </ClInclude>
  </ItemGroup>
  <ItemGroup>
    <ClCompile Include="imGui\imgui.cpp">
      <Filter>imgui</Filter>
    </ClCompile>
    <ClCompile Include="imGui\imgui_demo.cpp">
      <Filter>imgui</Filter>
    </ClCompile>
    <ClCompile Include="imGui\imgui_draw.cpp">
      <Filter>imgui</Filter>
    </ClCompile>
    <ClCompile Include="imGui\imgui_impl_glfw.cpp">
      <Filter>imgui</Filter>
    </ClCompile>
    <ClCompile Include="imGui\imgui_impl_opengl3.cpp">
      <Filter>imgui</Filter>
    </ClCompile>
    <ClCompile Include="imGui\imgui_tables.cpp">
      <Filter>imgui</Filter>
    </ClCompile>
    <ClCompile Include="imGui\imgui_widgets.cpp">
      <Filter>imgui</Filter>
    </ClCompile>
    <ClCompile Include="glad.c">
      <Filter>source\global</Filter>
    </ClCompile>
    <ClCompile Include="shader.cpp">
      <Filter>source\global</Filter>
    </ClCompile>
    <ClCompile Include="camera.cpp">
      <Filter>source\camera</Filter>
    </ClCompile>
    <ClCompile Include="rendering.cpp">
      <Filter>source\rendering</Filter>
    </ClCompile>
    <ClCompile Include="imGuiUi.cpp">
      <Filter>source\rendering</Filter>
    </ClCompile>
    <ClCompile Include="shaderSource.cpp">
      <Filter>source\global</Filter>
    </ClCompile>
    <ClCompile Include="dataObject.cpp">
      <Filter>source\dataStructures</Filter>
    </ClCompile>
    <ClCompile Include="timer.cpp">
      <Filter>source\other</Filter>
    </ClCompile>
  </ItemGroup>
  <ItemGroup>
    <Text Include="lbvh\LICENSE.txt">
      <Filter>lbvh</Filter>
    </Text>
  </ItemGroup>
</Project>